
Microsoft Visual Studio Solution File, Format Version 12.00
# Visual Studio 14
VisualStudioVersion = 14.0.25420.1
MinimumVisualStudioVersion = 10.0.40219.1
Project("{FAE04EC0-301F-11D3-BF4B-00C04F79EFBC}") = "BE", "BE\BE.csproj", "{EA7C0C8C-E376-49CD-B8FF-68ED78EB3AA0}"
EndProject
Project("{FAE04EC0-301F-11D3-BF4B-00C04F79EFBC}") = "DAL", "..\DAL\DAL\DAL.csproj", "{9B07B6D1-E1C4-421E-89D2-BB3A64E3494A}"
EndProject
Project("{FAE04EC0-301F-11D3-BF4B-00C04F79EFBC}") = "DS", "DS\DS.csproj", "{38C0FB21-D5ED-48C7-A113-213CD315F092}"
EndProject
Project("{FAE04EC0-301F-11D3-BF4B-00C04F79EFBC}") = "BL", "ClassLibrary1\BL.csproj", "{93FDA154-CBF3-4D4F-A766-982180743141}"
EndProject
Project("{FAE04EC0-301F-11D3-BF4B-00C04F79EFBC}") = "PL", "PL\PL.csproj", "{5FBD8433-6214-4D47-9692-1ED7A5071569}"
EndProject
Project("{FAE04EC0-301F-11D3-BF4B-00C04F79EFBC}") = "PLWPF", "PLWPF\PLWPF.csproj", "{7D9A231F-CC27-40EE-BD5B-4E0EE7DD558B}"
EndProject
Project("{8BC9CEB8-8B4A-11D0-8D11-00A0C91BC942}") = "Maps", "Maps\Maps.vcxproj", "{12791FA5-0C81-461F-B352-590007A6577B}"
EndProject
Global
	GlobalSection(SolutionConfigurationPlatforms) = preSolution
		Debug|Any CPU = Debug|Any CPU
		Debug|x64 = Debug|x64
		Debug|x86 = Debug|x86
		Release|Any CPU = Release|Any CPU
		Release|x64 = Release|x64
		Release|x86 = Release|x86
	EndGlobalSection
	GlobalSection(ProjectConfigurationPlatforms) = postSolution
		{EA7C0C8C-E376-49CD-B8FF-68ED78EB3AA0}.Debug|Any CPU.ActiveCfg = Debug|Any CPU
		{EA7C0C8C-E376-49CD-B8FF-68ED78EB3AA0}.Debug|Any CPU.Build.0 = Debug|Any CPU
		{EA7C0C8C-E376-49CD-B8FF-68ED78EB3AA0}.Debug|x64.ActiveCfg = Debug|Any CPU
		{EA7C0C8C-E376-49CD-B8FF-68ED78EB3AA0}.Debug|x64.Build.0 = Debug|Any CPU
		{EA7C0C8C-E376-49CD-B8FF-68ED78EB3AA0}.Debug|x86.ActiveCfg = Debug|Any CPU
		{EA7C0C8C-E376-49CD-B8FF-68ED78EB3AA0}.Debug|x86.Build.0 = Debug|Any CPU
		{EA7C0C8C-E376-49CD-B8FF-68ED78EB3AA0}.Release|Any CPU.ActiveCfg = Release|Any CPU
		{EA7C0C8C-E376-49CD-B8FF-68ED78EB3AA0}.Release|Any CPU.Build.0 = Release|Any CPU
		{EA7C0C8C-E376-49CD-B8FF-68ED78EB3AA0}.Release|x64.ActiveCfg = Release|Any CPU
		{EA7C0C8C-E376-49CD-B8FF-68ED78EB3AA0}.Release|x64.Build.0 = Release|Any CPU
		{EA7C0C8C-E376-49CD-B8FF-68ED78EB3AA0}.Release|x86.ActiveCfg = Release|Any CPU
		{EA7C0C8C-E376-49CD-B8FF-68ED78EB3AA0}.Release|x86.Build.0 = Release|Any CPU
		{9B07B6D1-E1C4-421E-89D2-BB3A64E3494A}.Debug|Any CPU.ActiveCfg = Debug|Any CPU
		{9B07B6D1-E1C4-421E-89D2-BB3A64E3494A}.Debug|Any CPU.Build.0 = Debug|Any CPU
		{9B07B6D1-E1C4-421E-89D2-BB3A64E3494A}.Debug|x64.ActiveCfg = Debug|Any CPU
		{9B07B6D1-E1C4-421E-89D2-BB3A64E3494A}.Debug|x64.Build.0 = Debug|Any CPU
		{9B07B6D1-E1C4-421E-89D2-BB3A64E3494A}.Debug|x86.ActiveCfg = Debug|Any CPU
		{9B07B6D1-E1C4-421E-89D2-BB3A64E3494A}.Debug|x86.Build.0 = Debug|Any CPU
		{9B07B6D1-E1C4-421E-89D2-BB3A64E3494A}.Release|Any CPU.ActiveCfg = Release|Any CPU
		{9B07B6D1-E1C4-421E-89D2-BB3A64E3494A}.Release|Any CPU.Build.0 = Release|Any CPU
		{9B07B6D1-E1C4-421E-89D2-BB3A64E3494A}.Release|x64.ActiveCfg = Release|Any CPU
		{9B07B6D1-E1C4-421E-89D2-BB3A64E3494A}.Release|x64.Build.0 = Release|Any CPU
		{9B07B6D1-E1C4-421E-89D2-BB3A64E3494A}.Release|x86.ActiveCfg = Release|Any CPU
		{9B07B6D1-E1C4-421E-89D2-BB3A64E3494A}.Release|x86.Build.0 = Release|Any CPU
		{38C0FB21-D5ED-48C7-A113-213CD315F092}.Debug|Any CPU.ActiveCfg = Debug|Any CPU
		{38C0FB21-D5ED-48C7-A113-213CD315F092}.Debug|Any CPU.Build.0 = Debug|Any CPU
		{38C0FB21-D5ED-48C7-A113-213CD315F092}.Debug|x64.ActiveCfg = Debug|Any CPU
		{38C0FB21-D5ED-48C7-A113-213CD315F092}.Debug|x64.Build.0 = Debug|Any CPU
		{38C0FB21-D5ED-48C7-A113-213CD315F092}.Debug|x86.ActiveCfg = Debug|Any CPU
		{38C0FB21-D5ED-48C7-A113-213CD315F092}.Debug|x86.Build.0 = Debug|Any CPU
		{38C0FB21-D5ED-48C7-A113-213CD315F092}.Release|Any CPU.ActiveCfg = Release|Any CPU
		{38C0FB21-D5ED-48C7-A113-213CD315F092}.Release|Any CPU.Build.0 = Release|Any CPU
		{38C0FB21-D5ED-48C7-A113-213CD315F092}.Release|x64.ActiveCfg = Release|Any CPU
		{38C0FB21-D5ED-48C7-A113-213CD315F092}.Release|x64.Build.0 = Release|Any CPU
		{38C0FB21-D5ED-48C7-A113-213CD315F092}.Release|x86.ActiveCfg = Release|Any CPU
		{38C0FB21-D5ED-48C7-A113-213CD315F092}.Release|x86.Build.0 = Release|Any CPU
		{93FDA154-CBF3-4D4F-A766-982180743141}.Debug|Any CPU.ActiveCfg = Debug|Any CPU
		{93FDA154-CBF3-4D4F-A766-982180743141}.Debug|Any CPU.Build.0 = Debug|Any CPU
		{93FDA154-CBF3-4D4F-A766-982180743141}.Debug|x64.ActiveCfg = Debug|Any CPU
		{93FDA154-CBF3-4D4F-A766-982180743141}.Debug|x64.Build.0 = Debug|Any CPU
		{93FDA154-CBF3-4D4F-A766-982180743141}.Debug|x86.ActiveCfg = Debug|Any CPU
		{93FDA154-CBF3-4D4F-A766-982180743141}.Debug|x86.Build.0 = Debug|Any CPU
		{93FDA154-CBF3-4D4F-A766-982180743141}.Release|Any CPU.ActiveCfg = Release|Any CPU
		{93FDA154-CBF3-4D4F-A766-982180743141}.Release|Any CPU.Build.0 = Release|Any CPU
		{93FDA154-CBF3-4D4F-A766-982180743141}.Release|x64.ActiveCfg = Release|Any CPU
		{93FDA154-CBF3-4D4F-A766-982180743141}.Release|x64.Build.0 = Release|Any CPU
		{93FDA154-CBF3-4D4F-A766-982180743141}.Release|x86.ActiveCfg = Release|Any CPU
		{93FDA154-CBF3-4D4F-A766-982180743141}.Release|x86.Build.0 = Release|Any CPU
		{5FBD8433-6214-4D47-9692-1ED7A5071569}.Debug|Any CPU.ActiveCfg = Debug|Any CPU
		{5FBD8433-6214-4D47-9692-1ED7A5071569}.Debug|Any CPU.Build.0 = Debug|Any CPU
		{5FBD8433-6214-4D47-9692-1ED7A5071569}.Debug|x64.ActiveCfg = Debug|Any CPU
		{5FBD8433-6214-4D47-9692-1ED7A5071569}.Debug|x64.Build.0 = Debug|Any CPU
		{5FBD8433-6214-4D47-9692-1ED7A5071569}.Debug|x86.ActiveCfg = Debug|Any CPU
		{5FBD8433-6214-4D47-9692-1ED7A5071569}.Debug|x86.Build.0 = Debug|Any CPU
		{5FBD8433-6214-4D47-9692-1ED7A5071569}.Release|Any CPU.ActiveCfg = Release|Any CPU
		{5FBD8433-6214-4D47-9692-1ED7A5071569}.Release|Any CPU.Build.0 = Release|Any CPU
		{5FBD8433-6214-4D47-9692-1ED7A5071569}.Release|x64.ActiveCfg = Release|Any CPU
		{5FBD8433-6214-4D47-9692-1ED7A5071569}.Release|x64.Build.0 = Release|Any CPU
		{5FBD8433-6214-4D47-9692-1ED7A5071569}.Release|x86.ActiveCfg = Release|Any CPU
		{5FBD8433-6214-4D47-9692-1ED7A5071569}.Release|x86.Build.0 = Release|Any CPU
		{7D9A231F-CC27-40EE-BD5B-4E0EE7DD558B}.Debug|Any CPU.ActiveCfg = Debug|Any CPU
		{7D9A231F-CC27-40EE-BD5B-4E0EE7DD558B}.Debug|Any CPU.Build.0 = Debug|Any CPU
		{7D9A231F-CC27-40EE-BD5B-4E0EE7DD558B}.Debug|x64.ActiveCfg = Debug|Any CPU
		{7D9A231F-CC27-40EE-BD5B-4E0EE7DD558B}.Debug|x64.Build.0 = Debug|Any CPU
		{7D9A231F-CC27-40EE-BD5B-4E0EE7DD558B}.Debug|x86.ActiveCfg = Debug|Any CPU
		{7D9A231F-CC27-40EE-BD5B-4E0EE7DD558B}.Debug|x86.Build.0 = Debug|Any CPU
		{7D9A231F-CC27-40EE-BD5B-4E0EE7DD558B}.Release|Any CPU.ActiveCfg = Release|Any CPU
		{7D9A231F-CC27-40EE-BD5B-4E0EE7DD558B}.Release|Any CPU.Build.0 = Release|Any CPU
		{7D9A231F-CC27-40EE-BD5B-4E0EE7DD558B}.Release|x64.ActiveCfg = Release|Any CPU
		{7D9A231F-CC27-40EE-BD5B-4E0EE7DD558B}.Release|x64.Build.0 = Release|Any CPU
		{7D9A231F-CC27-40EE-BD5B-4E0EE7DD558B}.Release|x86.ActiveCfg = Release|Any CPU
		{7D9A231F-CC27-40EE-BD5B-4E0EE7DD558B}.Release|x86.Build.0 = Release|Any CPU
		{12791FA5-0C81-461F-B352-590007A6577B}.Debug|Any CPU.ActiveCfg = Debug|Win32
		{12791FA5-0C81-461F-B352-590007A6577B}.Debug|x64.ActiveCfg = Debug|x64
		{12791FA5-0C81-461F-B352-590007A6577B}.Debug|x64.Build.0 = Debug|x64
		{12791FA5-0C81-461F-B352-590007A6577B}.Debug|x86.ActiveCfg = Debug|Win32
		{12791FA5-0C81-461F-B352-590007A6577B}.Debug|x86.Build.0 = Debug|Win32
		{12791FA5-0C81-461F-B352-590007A6577B}.Release|Any CPU.ActiveCfg = Release|Win32
		{12791FA5-0C81-461F-B352-590007A6577B}.Release|x64.ActiveCfg = Release|x64
		{12791FA5-0C81-461F-B352-590007A6577B}.Release|x64.Build.0 = Release|x64
		{12791FA5-0C81-461F-B352-590007A6577B}.Release|x86.ActiveCfg = Release|Win32
		{12791FA5-0C81-461F-B352-590007A6577B}.Release|x86.Build.0 = Release|Win32
	EndGlobalSection
	GlobalSection(SolutionProperties) = preSolution
		HideSolutionNode = FALSE
	EndGlobalSection
EndGlobal
